// !$*UTF8*$!
{
	archiveVersion = 1;
	classes = {
	};
	objectVersion = 55;
	objects = {

/* Begin PBXBuildFile section */
		205D49332873F96C0071ACE3 /* AppDelegate.swift in Sources */ = {isa = PBXBuildFile; fileRef = 205D49322873F96C0071ACE3 /* AppDelegate.swift */; };
		205D49352873F96C0071ACE3 /* SceneDelegate.swift in Sources */ = {isa = PBXBuildFile; fileRef = 205D49342873F96C0071ACE3 /* SceneDelegate.swift */; };
		205D493A2873F96C0071ACE3 /* Main.storyboard in Resources */ = {isa = PBXBuildFile; fileRef = 205D49382873F96C0071ACE3 /* Main.storyboard */; };
		205D493C2873F96E0071ACE3 /* Assets.xcassets in Resources */ = {isa = PBXBuildFile; fileRef = 205D493B2873F96E0071ACE3 /* Assets.xcassets */; };
		205D493F2873F96E0071ACE3 /* LaunchScreen.storyboard in Resources */ = {isa = PBXBuildFile; fileRef = 205D493D2873F96E0071ACE3 /* LaunchScreen.storyboard */; };
		205D49502873FCA90071ACE3 /* LoginVC.swift in Sources */ = {isa = PBXBuildFile; fileRef = 205D494F2873FCA90071ACE3 /* LoginVC.swift */; };
		205D49522873FCB80071ACE3 /* RegistrationVC.swift in Sources */ = {isa = PBXBuildFile; fileRef = 205D49512873FCB80071ACE3 /* RegistrationVC.swift */; };
		205D49542873FCCC0071ACE3 /* PostVC.swift in Sources */ = {isa = PBXBuildFile; fileRef = 205D49532873FCCC0071ACE3 /* PostVC.swift */; };
		205D49562873FCE20071ACE3 /* EditProfileVC.swift in Sources */ = {isa = PBXBuildFile; fileRef = 205D49552873FCE20071ACE3 /* EditProfileVC.swift */; };
		205D49582873FCF80071ACE3 /* SettingsVC.swift in Sources */ = {isa = PBXBuildFile; fileRef = 205D49572873FCF80071ACE3 /* SettingsVC.swift */; };
		205D495A2873FD0F0071ACE3 /* SearchVC.swift in Sources */ = {isa = PBXBuildFile; fileRef = 205D49592873FD0F0071ACE3 /* SearchVC.swift */; };
		205D495C2873FD270071ACE3 /* SearchResultVC.swift in Sources */ = {isa = PBXBuildFile; fileRef = 205D495B2873FD270071ACE3 /* SearchResultVC.swift */; };
		205D495E2873FD3D0071ACE3 /* ListVC.swift in Sources */ = {isa = PBXBuildFile; fileRef = 205D495D2873FD3D0071ACE3 /* ListVC.swift */; };
		205D49602873FD800071ACE3 /* HomeVC.swift in Sources */ = {isa = PBXBuildFile; fileRef = 205D495F2873FD800071ACE3 /* HomeVC.swift */; };
		205D49622873FD960071ACE3 /* ExploreVC.swift in Sources */ = {isa = PBXBuildFile; fileRef = 205D49612873FD960071ACE3 /* ExploreVC.swift */; };
		205D49642873FDDB0071ACE3 /* NotificationVC.swift in Sources */ = {isa = PBXBuildFile; fileRef = 205D49632873FDDB0071ACE3 /* NotificationVC.swift */; };
		205D49662873FDE90071ACE3 /* CameraVC.swift in Sources */ = {isa = PBXBuildFile; fileRef = 205D49652873FDE90071ACE3 /* CameraVC.swift */; };
		205D49682873FDF80071ACE3 /* ProfileVC.swift in Sources */ = {isa = PBXBuildFile; fileRef = 205D49672873FDF80071ACE3 /* ProfileVC.swift */; };
		205D496A2873FE5A0071ACE3 /* PostEditorVC.swift in Sources */ = {isa = PBXBuildFile; fileRef = 205D49692873FE5A0071ACE3 /* PostEditorVC.swift */; };
		205D496C2873FE740071ACE3 /* PublishPostVC.swift in Sources */ = {isa = PBXBuildFile; fileRef = 205D496B2873FE740071ACE3 /* PublishPostVC.swift */; };
		205D496E287408690071ACE3 /* GoogleService-Info.plist in Resources */ = {isa = PBXBuildFile; fileRef = 205D496D287408690071ACE3 /* GoogleService-Info.plist */; };
		205D497328740F170071ACE3 /* DatabaseManager.swift in Sources */ = {isa = PBXBuildFile; fileRef = 205D497228740F170071ACE3 /* DatabaseManager.swift */; };
		205D49752874122D0071ACE3 /* AuthManager.swift in Sources */ = {isa = PBXBuildFile; fileRef = 205D49742874122D0071ACE3 /* AuthManager.swift */; };
		205D49772874134B0071ACE3 /* StorageManager.swift in Sources */ = {isa = PBXBuildFile; fileRef = 205D49762874134B0071ACE3 /* StorageManager.swift */; };
		205D497B287417E70071ACE3 /* Extensions.swift in Sources */ = {isa = PBXBuildFile; fileRef = 205D497A287417E70071ACE3 /* Extensions.swift */; };
		20C9C982287FD3CF00BD51BB /* IGFeedPostTVC.swift in Sources */ = {isa = PBXBuildFile; fileRef = 20C9C981287FD3CF00BD51BB /* IGFeedPostTVC.swift */; };
		20C9C985287FD4FE00BD51BB /* IGFeedPostHeaderTVC.swift in Sources */ = {isa = PBXBuildFile; fileRef = 20C9C984287FD4FE00BD51BB /* IGFeedPostHeaderTVC.swift */; };
		20C9C987287FD55700BD51BB /* IGFeedPostActionsTVC.swift in Sources */ = {isa = PBXBuildFile; fileRef = 20C9C986287FD55700BD51BB /* IGFeedPostActionsTVC.swift */; };
		20C9C989287FD58100BD51BB /* IGFeedPostGeneralTVC.swift in Sources */ = {isa = PBXBuildFile; fileRef = 20C9C988287FD58100BD51BB /* IGFeedPostGeneralTVC.swift */; };
		20C9C98B287FD97300BD51BB /* UserPost.swift in Sources */ = {isa = PBXBuildFile; fileRef = 20C9C98A287FD97300BD51BB /* UserPost.swift */; };
		20C9C98E287FDCC800BD51BB /* CustomError.swift in Sources */ = {isa = PBXBuildFile; fileRef = 20C9C98D287FDCC800BD51BB /* CustomError.swift */; };
		3BAD1FDAAB1A49022088615D /* Pods_Instagram.framework in Frameworks */ = {isa = PBXBuildFile; fileRef = 776B3840A441AAF5081599F7 /* Pods_Instagram.framework */; };
/* End PBXBuildFile section */

/* Begin PBXFileReference section */
		205D492F2873F96C0071ACE3 /* Instagram.app */ = {isa = PBXFileReference; explicitFileType = wrapper.application; includeInIndex = 0; path = Instagram.app; sourceTree = BUILT_PRODUCTS_DIR; };
		205D49322873F96C0071ACE3 /* AppDelegate.swift */ = {isa = PBXFileReference; lastKnownFileType = sourcecode.swift; path = AppDelegate.swift; sourceTree = "<group>"; };
		205D49342873F96C0071ACE3 /* SceneDelegate.swift */ = {isa = PBXFileReference; lastKnownFileType = sourcecode.swift; path = SceneDelegate.swift; sourceTree = "<group>"; };
		205D49392873F96C0071ACE3 /* Base */ = {isa = PBXFileReference; lastKnownFileType = file.storyboard; name = Base; path = Base.lproj/Main.storyboard; sourceTree = "<group>"; };
		205D493B2873F96E0071ACE3 /* Assets.xcassets */ = {isa = PBXFileReference; lastKnownFileType = folder.assetcatalog; path = Assets.xcassets; sourceTree = "<group>"; };
		205D493E2873F96E0071ACE3 /* Base */ = {isa = PBXFileReference; lastKnownFileType = file.storyboard; name = Base; path = Base.lproj/LaunchScreen.storyboard; sourceTree = "<group>"; };
		205D49402873F96E0071ACE3 /* Info.plist */ = {isa = PBXFileReference; lastKnownFileType = text.plist.xml; path = Info.plist; sourceTree = "<group>"; };
		205D494F2873FCA90071ACE3 /* LoginVC.swift */ = {isa = PBXFileReference; lastKnownFileType = sourcecode.swift; path = LoginVC.swift; sourceTree = "<group>"; };
		205D49512873FCB80071ACE3 /* RegistrationVC.swift */ = {isa = PBXFileReference; lastKnownFileType = sourcecode.swift; path = RegistrationVC.swift; sourceTree = "<group>"; };
		205D49532873FCCC0071ACE3 /* PostVC.swift */ = {isa = PBXFileReference; lastKnownFileType = sourcecode.swift; path = PostVC.swift; sourceTree = "<group>"; };
		205D49552873FCE20071ACE3 /* EditProfileVC.swift */ = {isa = PBXFileReference; lastKnownFileType = sourcecode.swift; path = EditProfileVC.swift; sourceTree = "<group>"; };
		205D49572873FCF80071ACE3 /* SettingsVC.swift */ = {isa = PBXFileReference; lastKnownFileType = sourcecode.swift; path = SettingsVC.swift; sourceTree = "<group>"; };
		205D49592873FD0F0071ACE3 /* SearchVC.swift */ = {isa = PBXFileReference; lastKnownFileType = sourcecode.swift; path = SearchVC.swift; sourceTree = "<group>"; };
		205D495B2873FD270071ACE3 /* SearchResultVC.swift */ = {isa = PBXFileReference; lastKnownFileType = sourcecode.swift; path = SearchResultVC.swift; sourceTree = "<group>"; };
		205D495D2873FD3D0071ACE3 /* ListVC.swift */ = {isa = PBXFileReference; lastKnownFileType = sourcecode.swift; path = ListVC.swift; sourceTree = "<group>"; };
		205D495F2873FD800071ACE3 /* HomeVC.swift */ = {isa = PBXFileReference; lastKnownFileType = sourcecode.swift; path = HomeVC.swift; sourceTree = "<group>"; };
		205D49612873FD960071ACE3 /* ExploreVC.swift */ = {isa = PBXFileReference; lastKnownFileType = sourcecode.swift; path = ExploreVC.swift; sourceTree = "<group>"; };
		205D49632873FDDB0071ACE3 /* NotificationVC.swift */ = {isa = PBXFileReference; lastKnownFileType = sourcecode.swift; path = NotificationVC.swift; sourceTree = "<group>"; };
		205D49652873FDE90071ACE3 /* CameraVC.swift */ = {isa = PBXFileReference; lastKnownFileType = sourcecode.swift; path = CameraVC.swift; sourceTree = "<group>"; };
		205D49672873FDF80071ACE3 /* ProfileVC.swift */ = {isa = PBXFileReference; lastKnownFileType = sourcecode.swift; path = ProfileVC.swift; sourceTree = "<group>"; };
		205D49692873FE5A0071ACE3 /* PostEditorVC.swift */ = {isa = PBXFileReference; lastKnownFileType = sourcecode.swift; path = PostEditorVC.swift; sourceTree = "<group>"; };
		205D496B2873FE740071ACE3 /* PublishPostVC.swift */ = {isa = PBXFileReference; lastKnownFileType = sourcecode.swift; path = PublishPostVC.swift; sourceTree = "<group>"; };
		205D496D287408690071ACE3 /* GoogleService-Info.plist */ = {isa = PBXFileReference; fileEncoding = 4; lastKnownFileType = text.plist.xml; path = "GoogleService-Info.plist"; sourceTree = "<group>"; };
		205D497228740F170071ACE3 /* DatabaseManager.swift */ = {isa = PBXFileReference; lastKnownFileType = sourcecode.swift; path = DatabaseManager.swift; sourceTree = "<group>"; };
		205D49742874122D0071ACE3 /* AuthManager.swift */ = {isa = PBXFileReference; lastKnownFileType = sourcecode.swift; path = AuthManager.swift; sourceTree = "<group>"; };
		205D49762874134B0071ACE3 /* StorageManager.swift */ = {isa = PBXFileReference; lastKnownFileType = sourcecode.swift; path = StorageManager.swift; sourceTree = "<group>"; };
		205D497A287417E70071ACE3 /* Extensions.swift */ = {isa = PBXFileReference; lastKnownFileType = sourcecode.swift; path = Extensions.swift; sourceTree = "<group>"; };
		20C9C981287FD3CF00BD51BB /* IGFeedPostTVC.swift */ = {isa = PBXFileReference; lastKnownFileType = sourcecode.swift; path = IGFeedPostTVC.swift; sourceTree = "<group>"; };
		20C9C984287FD4FE00BD51BB /* IGFeedPostHeaderTVC.swift */ = {isa = PBXFileReference; lastKnownFileType = sourcecode.swift; path = IGFeedPostHeaderTVC.swift; sourceTree = "<group>"; };
		20C9C986287FD55700BD51BB /* IGFeedPostActionsTVC.swift */ = {isa = PBXFileReference; lastKnownFileType = sourcecode.swift; path = IGFeedPostActionsTVC.swift; sourceTree = "<group>"; };
		20C9C988287FD58100BD51BB /* IGFeedPostGeneralTVC.swift */ = {isa = PBXFileReference; lastKnownFileType = sourcecode.swift; path = IGFeedPostGeneralTVC.swift; sourceTree = "<group>"; };
		20C9C98A287FD97300BD51BB /* UserPost.swift */ = {isa = PBXFileReference; lastKnownFileType = sourcecode.swift; path = UserPost.swift; sourceTree = "<group>"; };
		20C9C98D287FDCC800BD51BB /* CustomError.swift */ = {isa = PBXFileReference; lastKnownFileType = sourcecode.swift; path = CustomError.swift; sourceTree = "<group>"; };
		776B3840A441AAF5081599F7 /* Pods_Instagram.framework */ = {isa = PBXFileReference; explicitFileType = wrapper.framework; includeInIndex = 0; path = Pods_Instagram.framework; sourceTree = BUILT_PRODUCTS_DIR; };
		A2896AB69FB857F5AAD92D99 /* Pods-Instagram.debug.xcconfig */ = {isa = PBXFileReference; includeInIndex = 1; lastKnownFileType = text.xcconfig; name = "Pods-Instagram.debug.xcconfig"; path = "Target Support Files/Pods-Instagram/Pods-Instagram.debug.xcconfig"; sourceTree = "<group>"; };
		AB547DFB5F1696173D515008 /* Pods-Instagram.release.xcconfig */ = {isa = PBXFileReference; includeInIndex = 1; lastKnownFileType = text.xcconfig; name = "Pods-Instagram.release.xcconfig"; path = "Target Support Files/Pods-Instagram/Pods-Instagram.release.xcconfig"; sourceTree = "<group>"; };
/* End PBXFileReference section */

/* Begin PBXFrameworksBuildPhase section */
		205D492C2873F96C0071ACE3 /* Frameworks */ = {
			isa = PBXFrameworksBuildPhase;
			buildActionMask = 2147483647;
			files = (
				3BAD1FDAAB1A49022088615D /* Pods_Instagram.framework in Frameworks */,
			);
			runOnlyForDeploymentPostprocessing = 0;
		};
/* End PBXFrameworksBuildPhase section */

/* Begin PBXGroup section */
		205D49262873F96C0071ACE3 = {
			isa = PBXGroup;
			children = (
				205D49312873F96C0071ACE3 /* Instagram */,
				205D49302873F96C0071ACE3 /* Products */,
				631C958679E5BD2232CFD881 /* Pods */,
				3C505A97BEC159172A1FD89D /* Frameworks */,
			);
			sourceTree = "<group>";
		};
		205D49302873F96C0071ACE3 /* Products */ = {
			isa = PBXGroup;
			children = (
				205D492F2873F96C0071ACE3 /* Instagram.app */,
			);
			name = Products;
			sourceTree = "<group>";
		};
		205D49312873F96C0071ACE3 /* Instagram */ = {
			isa = PBXGroup;
			children = (
				205D4978287417B80071ACE3 /* Utilities */,
				205D497028740EF20071ACE3 /* Managers */,
				205D494A2873FC500071ACE3 /* AppSettings */,
				205D49492873FC480071ACE3 /* Resources */,
				205D49482873FC3E0071ACE3 /* Models */,
				205D49472873FC320071ACE3 /* Controllers */,
				205D49462873FC250071ACE3 /* Views */,
				205D49402873F96E0071ACE3 /* Info.plist */,
				205D496D287408690071ACE3 /* GoogleService-Info.plist */,
			);
			path = Instagram;
			sourceTree = "<group>";
		};
		205D49462873FC250071ACE3 /* Views */ = {
			isa = PBXGroup;
			children = (
				20C9C980287FD3A200BD51BB /* Cells */,
				20C9C97F287FD39400BD51BB /* Storyboard */,
			);
			path = Views;
			sourceTree = "<group>";
		};
		205D49472873FC320071ACE3 /* Controllers */ = {
			isa = PBXGroup;
			children = (
				205D494C2873FC860071ACE3 /* Others */,
				205D494B2873FC7C0071ACE3 /* Core Tabs */,
			);
			path = Controllers;
			sourceTree = "<group>";
		};
		205D49482873FC3E0071ACE3 /* Models */ = {
			isa = PBXGroup;
			children = (
				20C9C98A287FD97300BD51BB /* UserPost.swift */,
			);
			path = Models;
			sourceTree = "<group>";
		};
		205D49492873FC480071ACE3 /* Resources */ = {
			isa = PBXGroup;
			children = (
				205D493B2873F96E0071ACE3 /* Assets.xcassets */,
			);
			path = Resources;
			sourceTree = "<group>";
		};
		205D494A2873FC500071ACE3 /* AppSettings */ = {
			isa = PBXGroup;
			children = (
				205D49322873F96C0071ACE3 /* AppDelegate.swift */,
				205D49342873F96C0071ACE3 /* SceneDelegate.swift */,
			);
			path = AppSettings;
			sourceTree = "<group>";
		};
		205D494B2873FC7C0071ACE3 /* Core Tabs */ = {
			isa = PBXGroup;
			children = (
				205D495F2873FD800071ACE3 /* HomeVC.swift */,
				205D49612873FD960071ACE3 /* ExploreVC.swift */,
				205D49632873FDDB0071ACE3 /* NotificationVC.swift */,
				205D49652873FDE90071ACE3 /* CameraVC.swift */,
				205D49672873FDF80071ACE3 /* ProfileVC.swift */,
			);
			path = "Core Tabs";
			sourceTree = "<group>";
		};
		205D494C2873FC860071ACE3 /* Others */ = {
			isa = PBXGroup;
			children = (
				205D494D2873FC8E0071ACE3 /* OnBoarding */,
				205D496F28740C160071ACE3 /* General */,
			);
			path = Others;
			sourceTree = "<group>";
		};
		205D494D2873FC8E0071ACE3 /* OnBoarding */ = {
			isa = PBXGroup;
			children = (
				205D494F2873FCA90071ACE3 /* LoginVC.swift */,
				205D49512873FCB80071ACE3 /* RegistrationVC.swift */,
			);
			path = OnBoarding;
			sourceTree = "<group>";
		};
		205D496F28740C160071ACE3 /* General */ = {
			isa = PBXGroup;
			children = (
				205D495B2873FD270071ACE3 /* SearchResultVC.swift */,
				205D49552873FCE20071ACE3 /* EditProfileVC.swift */,
				205D49592873FD0F0071ACE3 /* SearchVC.swift */,
				205D49572873FCF80071ACE3 /* SettingsVC.swift */,
				205D49532873FCCC0071ACE3 /* PostVC.swift */,
				205D495D2873FD3D0071ACE3 /* ListVC.swift */,
				205D49692873FE5A0071ACE3 /* PostEditorVC.swift */,
				205D496B2873FE740071ACE3 /* PublishPostVC.swift */,
			);
			path = General;
			sourceTree = "<group>";
		};
		205D497028740EF20071ACE3 /* Managers */ = {
			isa = PBXGroup;
			children = (
				205D497228740F170071ACE3 /* DatabaseManager.swift */,
				205D49742874122D0071ACE3 /* AuthManager.swift */,
				205D49762874134B0071ACE3 /* StorageManager.swift */,
			);
			path = Managers;
			sourceTree = "<group>";
		};
		205D4978287417B80071ACE3 /* Utilities */ = {
			isa = PBXGroup;
			children = (
				20C9C98C287FDCAD00BD51BB /* CustomError */,
				205D4979287417D20071ACE3 /* Extensions */,
			);
			path = Utilities;
			sourceTree = "<group>";
		};
		205D4979287417D20071ACE3 /* Extensions */ = {
			isa = PBXGroup;
			children = (
				205D497A287417E70071ACE3 /* Extensions.swift */,
			);
			path = Extensions;
			sourceTree = "<group>";
		};
		20C9C97F287FD39400BD51BB /* Storyboard */ = {
			isa = PBXGroup;
			children = (
				205D493D2873F96E0071ACE3 /* LaunchScreen.storyboard */,
				205D49382873F96C0071ACE3 /* Main.storyboard */,
			);
			path = Storyboard;
			sourceTree = "<group>";
		};
		20C9C980287FD3A200BD51BB /* Cells */ = {
			isa = PBXGroup;
			children = (
				20C9C983287FD4B600BD51BB /* HomeCells */,
			);
			path = Cells;
			sourceTree = "<group>";
		};
		20C9C983287FD4B600BD51BB /* HomeCells */ = {
			isa = PBXGroup;
			children = (
				20C9C981287FD3CF00BD51BB /* IGFeedPostTVC.swift */,
				20C9C984287FD4FE00BD51BB /* IGFeedPostHeaderTVC.swift */,
				20C9C986287FD55700BD51BB /* IGFeedPostActionsTVC.swift */,
				20C9C988287FD58100BD51BB /* IGFeedPostGeneralTVC.swift */,
			);
			path = HomeCells;
			sourceTree = "<group>";
		};
		20C9C98C287FDCAD00BD51BB /* CustomError */ = {
			isa = PBXGroup;
			children = (
				20C9C98D287FDCC800BD51BB /* CustomError.swift */,
			);
			path = CustomError;
			sourceTree = "<group>";
		};
		3C505A97BEC159172A1FD89D /* Frameworks */ = {
			isa = PBXGroup;
			children = (
				776B3840A441AAF5081599F7 /* Pods_Instagram.framework */,
			);
			name = Frameworks;
			sourceTree = "<group>";
		};
		631C958679E5BD2232CFD881 /* Pods */ = {
			isa = PBXGroup;
			children = (
				A2896AB69FB857F5AAD92D99 /* Pods-Instagram.debug.xcconfig */,
				AB547DFB5F1696173D515008 /* Pods-Instagram.release.xcconfig */,
			);
			path = Pods;
			sourceTree = "<group>";
		};
/* End PBXGroup section */

/* Begin PBXNativeTarget section */
		205D492E2873F96C0071ACE3 /* Instagram */ = {
			isa = PBXNativeTarget;
			buildConfigurationList = 205D49432873F96E0071ACE3 /* Build configuration list for PBXNativeTarget "Instagram" */;
			buildPhases = (
				67D037CFA13296A0E891FF49 /* [CP] Check Pods Manifest.lock */,
				205D492B2873F96C0071ACE3 /* Sources */,
				205D492C2873F96C0071ACE3 /* Frameworks */,
				205D492D2873F96C0071ACE3 /* Resources */,
				E7761E3017BBE390837725E5 /* [CP] Embed Pods Frameworks */,
			);
			buildRules = (
			);
			dependencies = (
			);
			name = Instagram;
			productName = Instagram;
			productReference = 205D492F2873F96C0071ACE3 /* Instagram.app */;
			productType = "com.apple.product-type.application";
		};
/* End PBXNativeTarget section */

/* Begin PBXProject section */
		205D49272873F96C0071ACE3 /* Project object */ = {
			isa = PBXProject;
			attributes = {
				BuildIndependentTargetsInParallel = 1;
				LastSwiftUpdateCheck = 1330;
				LastUpgradeCheck = 1330;
				TargetAttributes = {
					205D492E2873F96C0071ACE3 = {
						CreatedOnToolsVersion = 13.3.1;
					};
				};
			};
			buildConfigurationList = 205D492A2873F96C0071ACE3 /* Build configuration list for PBXProject "Instagram" */;
			compatibilityVersion = "Xcode 13.0";
			developmentRegion = en;
			hasScannedForEncodings = 0;
			knownRegions = (
				en,
				Base,
			);
			mainGroup = 205D49262873F96C0071ACE3;
			productRefGroup = 205D49302873F96C0071ACE3 /* Products */;
			projectDirPath = "";
			projectRoot = "";
			targets = (
				205D492E2873F96C0071ACE3 /* Instagram */,
			);
		};
/* End PBXProject section */

/* Begin PBXResourcesBuildPhase section */
		205D492D2873F96C0071ACE3 /* Resources */ = {
			isa = PBXResourcesBuildPhase;
			buildActionMask = 2147483647;
			files = (
				205D493F2873F96E0071ACE3 /* LaunchScreen.storyboard in Resources */,
				205D496E287408690071ACE3 /* GoogleService-Info.plist in Resources */,
				205D493C2873F96E0071ACE3 /* Assets.xcassets in Resources */,
				205D493A2873F96C0071ACE3 /* Main.storyboard in Resources */,
			);
			runOnlyForDeploymentPostprocessing = 0;
		};
/* End PBXResourcesBuildPhase section */

/* Begin PBXShellScriptBuildPhase section */
		67D037CFA13296A0E891FF49 /* [CP] Check Pods Manifest.lock */ = {
			isa = PBXShellScriptBuildPhase;
			buildActionMask = 2147483647;
			files = (
			);
			inputFileListPaths = (
			);
			inputPaths = (
				"${PODS_PODFILE_DIR_PATH}/Podfile.lock",
				"${PODS_ROOT}/Manifest.lock",
			);
			name = "[CP] Check Pods Manifest.lock";
			outputFileListPaths = (
			);
			outputPaths = (
				"$(DERIVED_FILE_DIR)/Pods-Instagram-checkManifestLockResult.txt",
			);
			runOnlyForDeploymentPostprocessing = 0;
			shellPath = /bin/sh;
			shellScript = "diff \"${PODS_PODFILE_DIR_PATH}/Podfile.lock\" \"${PODS_ROOT}/Manifest.lock\" > /dev/null\nif [ $? != 0 ] ; then\n    # print error to STDERR\n    echo \"error: The sandbox is not in sync with the Podfile.lock. Run 'pod install' or update your CocoaPods installation.\" >&2\n    exit 1\nfi\n# This output is used by Xcode 'outputs' to avoid re-running this script phase.\necho \"SUCCESS\" > \"${SCRIPT_OUTPUT_FILE_0}\"\n";
			showEnvVarsInLog = 0;
		};
		E7761E3017BBE390837725E5 /* [CP] Embed Pods Frameworks */ = {
			isa = PBXShellScriptBuildPhase;
			buildActionMask = 2147483647;
			files = (
			);
			inputFileListPaths = (
				"${PODS_ROOT}/Target Support Files/Pods-Instagram/Pods-Instagram-frameworks-${CONFIGURATION}-input-files.xcfilelist",
			);
			name = "[CP] Embed Pods Frameworks";
			outputFileListPaths = (
				"${PODS_ROOT}/Target Support Files/Pods-Instagram/Pods-Instagram-frameworks-${CONFIGURATION}-output-files.xcfilelist",
			);
			runOnlyForDeploymentPostprocessing = 0;
			shellPath = /bin/sh;
			shellScript = "\"${PODS_ROOT}/Target Support Files/Pods-Instagram/Pods-Instagram-frameworks.sh\"\n";
			showEnvVarsInLog = 0;
		};
/* End PBXShellScriptBuildPhase section */

/* Begin PBXSourcesBuildPhase section */
		205D492B2873F96C0071ACE3 /* Sources */ = {
			isa = PBXSourcesBuildPhase;
			buildActionMask = 2147483647;
			files = (
				205D49542873FCCC0071ACE3 /* PostVC.swift in Sources */,
				205D495E2873FD3D0071ACE3 /* ListVC.swift in Sources */,
				205D49332873F96C0071ACE3 /* AppDelegate.swift in Sources */,
				205D49682873FDF80071ACE3 /* ProfileVC.swift in Sources */,
				205D495A2873FD0F0071ACE3 /* SearchVC.swift in Sources */,
				20C9C987287FD55700BD51BB /* IGFeedPostActionsTVC.swift in Sources */,
				20C9C982287FD3CF00BD51BB /* IGFeedPostTVC.swift in Sources */,
				205D49502873FCA90071ACE3 /* LoginVC.swift in Sources */,
				205D49562873FCE20071ACE3 /* EditProfileVC.swift in Sources */,
				205D49772874134B0071ACE3 /* StorageManager.swift in Sources */,
				205D49662873FDE90071ACE3 /* CameraVC.swift in Sources */,
				205D497328740F170071ACE3 /* DatabaseManager.swift in Sources */,
				20C9C985287FD4FE00BD51BB /* IGFeedPostHeaderTVC.swift in Sources */,
				205D49582873FCF80071ACE3 /* SettingsVC.swift in Sources */,
				20C9C98E287FDCC800BD51BB /* CustomError.swift in Sources */,
				205D496A2873FE5A0071ACE3 /* PostEditorVC.swift in Sources */,
				205D49522873FCB80071ACE3 /* RegistrationVC.swift in Sources */,
				20C9C98B287FD97300BD51BB /* UserPost.swift in Sources */,
				205D497B287417E70071ACE3 /* Extensions.swift in Sources */,
				20C9C989287FD58100BD51BB /* IGFeedPostGeneralTVC.swift in Sources */,
				205D496C2873FE740071ACE3 /* PublishPostVC.swift in Sources */,
				205D49602873FD800071ACE3 /* HomeVC.swift in Sources */,
				205D49752874122D0071ACE3 /* AuthManager.swift in Sources */,
				205D49352873F96C0071ACE3 /* SceneDelegate.swift in Sources */,
				205D495C2873FD270071ACE3 /* SearchResultVC.swift in Sources */,
				205D49622873FD960071ACE3 /* ExploreVC.swift in Sources */,
				205D49642873FDDB0071ACE3 /* NotificationVC.swift in Sources */,
			);
			runOnlyForDeploymentPostprocessing = 0;
		};
/* End PBXSourcesBuildPhase section */

/* Begin PBXVariantGroup section */
		205D49382873F96C0071ACE3 /* Main.storyboard */ = {
			isa = PBXVariantGroup;
			children = (
				205D49392873F96C0071ACE3 /* Base */,
			);
			name = Main.storyboard;
			sourceTree = "<group>";
		};
		205D493D2873F96E0071ACE3 /* LaunchScreen.storyboard */ = {
			isa = PBXVariantGroup;
			children = (
				205D493E2873F96E0071ACE3 /* Base */,
			);
			name = LaunchScreen.storyboard;
			sourceTree = "<group>";
		};
/* End PBXVariantGroup section */

/* Begin XCBuildConfiguration section */
		205D49412873F96E0071ACE3 /* Debug */ = {
			isa = XCBuildConfiguration;
			buildSettings = {
				ALWAYS_SEARCH_USER_PATHS = NO;
				CLANG_ANALYZER_NONNULL = YES;
				CLANG_ANALYZER_NUMBER_OBJECT_CONVERSION = YES_AGGRESSIVE;
				CLANG_CXX_LANGUAGE_STANDARD = "gnu++17";
				CLANG_ENABLE_MODULES = YES;
				CLANG_ENABLE_OBJC_ARC = YES;
				CLANG_ENABLE_OBJC_WEAK = YES;
				CLANG_WARN_BLOCK_CAPTURE_AUTORELEASING = YES;
				CLANG_WARN_BOOL_CONVERSION = YES;
				CLANG_WARN_COMMA = YES;
				CLANG_WARN_CONSTANT_CONVERSION = YES;
				CLANG_WARN_DEPRECATED_OBJC_IMPLEMENTATIONS = YES;
				CLANG_WARN_DIRECT_OBJC_ISA_USAGE = YES_ERROR;
				CLANG_WARN_DOCUMENTATION_COMMENTS = YES;
				CLANG_WARN_EMPTY_BODY = YES;
				CLANG_WARN_ENUM_CONVERSION = YES;
				CLANG_WARN_INFINITE_RECURSION = YES;
				CLANG_WARN_INT_CONVERSION = YES;
				CLANG_WARN_NON_LITERAL_NULL_CONVERSION = YES;
				CLANG_WARN_OBJC_IMPLICIT_RETAIN_SELF = YES;
				CLANG_WARN_OBJC_LITERAL_CONVERSION = YES;
				CLANG_WARN_OBJC_ROOT_CLASS = YES_ERROR;
				CLANG_WARN_QUOTED_INCLUDE_IN_FRAMEWORK_HEADER = YES;
				CLANG_WARN_RANGE_LOOP_ANALYSIS = YES;
				CLANG_WARN_STRICT_PROTOTYPES = YES;
				CLANG_WARN_SUSPICIOUS_MOVE = YES;
				CLANG_WARN_UNGUARDED_AVAILABILITY = YES_AGGRESSIVE;
				CLANG_WARN_UNREACHABLE_CODE = YES;
				CLANG_WARN__DUPLICATE_METHOD_MATCH = YES;
				COPY_PHASE_STRIP = NO;
				DEBUG_INFORMATION_FORMAT = dwarf;
				ENABLE_STRICT_OBJC_MSGSEND = YES;
				ENABLE_TESTABILITY = YES;
				GCC_C_LANGUAGE_STANDARD = gnu11;
				GCC_DYNAMIC_NO_PIC = NO;
				GCC_NO_COMMON_BLOCKS = YES;
				GCC_OPTIMIZATION_LEVEL = 0;
				GCC_PREPROCESSOR_DEFINITIONS = (
					"DEBUG=1",
					"$(inherited)",
				);
				GCC_WARN_64_TO_32_BIT_CONVERSION = YES;
				GCC_WARN_ABOUT_RETURN_TYPE = YES_ERROR;
				GCC_WARN_UNDECLARED_SELECTOR = YES;
				GCC_WARN_UNINITIALIZED_AUTOS = YES_AGGRESSIVE;
				GCC_WARN_UNUSED_FUNCTION = YES;
				GCC_WARN_UNUSED_VARIABLE = YES;
				IPHONEOS_DEPLOYMENT_TARGET = 15.4;
				MTL_ENABLE_DEBUG_INFO = INCLUDE_SOURCE;
				MTL_FAST_MATH = YES;
				ONLY_ACTIVE_ARCH = YES;
				SDKROOT = iphoneos;
				SWIFT_ACTIVE_COMPILATION_CONDITIONS = DEBUG;
				SWIFT_OPTIMIZATION_LEVEL = "-Onone";
			};
			name = Debug;
		};
		205D49422873F96E0071ACE3 /* Release */ = {
			isa = XCBuildConfiguration;
			buildSettings = {
				ALWAYS_SEARCH_USER_PATHS = NO;
				CLANG_ANALYZER_NONNULL = YES;
				CLANG_ANALYZER_NUMBER_OBJECT_CONVERSION = YES_AGGRESSIVE;
				CLANG_CXX_LANGUAGE_STANDARD = "gnu++17";
				CLANG_ENABLE_MODULES = YES;
				CLANG_ENABLE_OBJC_ARC = YES;
				CLANG_ENABLE_OBJC_WEAK = YES;
				CLANG_WARN_BLOCK_CAPTURE_AUTORELEASING = YES;
				CLANG_WARN_BOOL_CONVERSION = YES;
				CLANG_WARN_COMMA = YES;
				CLANG_WARN_CONSTANT_CONVERSION = YES;
				CLANG_WARN_DEPRECATED_OBJC_IMPLEMENTATIONS = YES;
				CLANG_WARN_DIRECT_OBJC_ISA_USAGE = YES_ERROR;
				CLANG_WARN_DOCUMENTATION_COMMENTS = YES;
				CLANG_WARN_EMPTY_BODY = YES;
				CLANG_WARN_ENUM_CONVERSION = YES;
				CLANG_WARN_INFINITE_RECURSION = YES;
				CLANG_WARN_INT_CONVERSION = YES;
				CLANG_WARN_NON_LITERAL_NULL_CONVERSION = YES;
				CLANG_WARN_OBJC_IMPLICIT_RETAIN_SELF = YES;
				CLANG_WARN_OBJC_LITERAL_CONVERSION = YES;
				CLANG_WARN_OBJC_ROOT_CLASS = YES_ERROR;
				CLANG_WARN_QUOTED_INCLUDE_IN_FRAMEWORK_HEADER = YES;
				CLANG_WARN_RANGE_LOOP_ANALYSIS = YES;
				CLANG_WARN_STRICT_PROTOTYPES = YES;
				CLANG_WARN_SUSPICIOUS_MOVE = YES;
				CLANG_WARN_UNGUARDED_AVAILABILITY = YES_AGGRESSIVE;
				CLANG_WARN_UNREACHABLE_CODE = YES;
				CLANG_WARN__DUPLICATE_METHOD_MATCH = YES;
				COPY_PHASE_STRIP = NO;
				DEBUG_INFORMATION_FORMAT = "dwarf-with-dsym";
				ENABLE_NS_ASSERTIONS = NO;
				ENABLE_STRICT_OBJC_MSGSEND = YES;
				GCC_C_LANGUAGE_STANDARD = gnu11;
				GCC_NO_COMMON_BLOCKS = YES;
				GCC_WARN_64_TO_32_BIT_CONVERSION = YES;
				GCC_WARN_ABOUT_RETURN_TYPE = YES_ERROR;
				GCC_WARN_UNDECLARED_SELECTOR = YES;
				GCC_WARN_UNINITIALIZED_AUTOS = YES_AGGRESSIVE;
				GCC_WARN_UNUSED_FUNCTION = YES;
				GCC_WARN_UNUSED_VARIABLE = YES;
				IPHONEOS_DEPLOYMENT_TARGET = 15.4;
				MTL_ENABLE_DEBUG_INFO = NO;
				MTL_FAST_MATH = YES;
				SDKROOT = iphoneos;
				SWIFT_COMPILATION_MODE = wholemodule;
				SWIFT_OPTIMIZATION_LEVEL = "-O";
				VALIDATE_PRODUCT = YES;
			};
			name = Release;
		};
		205D49442873F96E0071ACE3 /* Debug */ = {
			isa = XCBuildConfiguration;
			baseConfigurationReference = A2896AB69FB857F5AAD92D99 /* Pods-Instagram.debug.xcconfig */;
			buildSettings = {
				ASSETCATALOG_COMPILER_APPICON_NAME = AppIcon;
				ASSETCATALOG_COMPILER_GLOBAL_ACCENT_COLOR_NAME = AccentColor;
				CODE_SIGN_STYLE = Automatic;
				CURRENT_PROJECT_VERSION = 1;
				DEVELOPMENT_TEAM = FFKH5FAH95;
				GENERATE_INFOPLIST_FILE = YES;
				INFOPLIST_FILE = Instagram/Info.plist;
				INFOPLIST_KEY_UIApplicationSupportsIndirectInputEvents = YES;
				INFOPLIST_KEY_UILaunchStoryboardName = LaunchScreen;
				INFOPLIST_KEY_UIMainStoryboardFile = Main;
				INFOPLIST_KEY_UISupportedInterfaceOrientations_iPad = "UIInterfaceOrientationPortrait UIInterfaceOrientationPortraitUpsideDown UIInterfaceOrientationLandscapeLeft UIInterfaceOrientationLandscapeRight";
				INFOPLIST_KEY_UISupportedInterfaceOrientations_iPhone = "UIInterfaceOrientationPortrait UIInterfaceOrientationLandscapeLeft UIInterfaceOrientationLandscapeRight";
				LD_RUNPATH_SEARCH_PATHS = (
					"$(inherited)",
					"@executable_path/Frameworks",
				);
				MARKETING_VERSION = 1.0;
				PRODUCT_BUNDLE_IDENTIFIER = cse.mobarak.Instagram;
				PRODUCT_NAME = "$(TARGET_NAME)";
				SWIFT_EMIT_LOC_STRINGS = YES;
				SWIFT_VERSION = 5.0;
				TARGETED_DEVICE_FAMILY = "1,2";
			};
			name = Debug;
		};
		205D49452873F96E0071ACE3 /* Release */ = {
			isa = XCBuildConfiguration;
			baseConfigurationReference = AB547DFB5F1696173D515008 /* Pods-Instagram.release.xcconfig */;
			buildSettings = {
				ASSETCATALOG_COMPILER_APPICON_NAME = AppIcon;
				ASSETCATALOG_COMPILER_GLOBAL_ACCENT_COLOR_NAME = AccentColor;
				CODE_SIGN_STYLE = Automatic;
				CURRENT_PROJECT_VERSION = 1;
				DEVELOPMENT_TEAM = FFKH5FAH95;
				GENERATE_INFOPLIST_FILE = YES;
				INFOPLIST_FILE = Instagram/Info.plist;
				INFOPLIST_KEY_UIApplicationSupportsIndirectInputEvents = YES;
				INFOPLIST_KEY_UILaunchStoryboardName = LaunchScreen;
				INFOPLIST_KEY_UIMainStoryboardFile = Main;
				INFOPLIST_KEY_UISupportedInterfaceOrientations_iPad = "UIInterfaceOrientationPortrait UIInterfaceOrientationPortraitUpsideDown UIInterfaceOrientationLandscapeLeft UIInterfaceOrientationLandscapeRight";
				INFOPLIST_KEY_UISupportedInterfaceOrientations_iPhone = "UIInterfaceOrientationPortrait UIInterfaceOrientationLandscapeLeft UIInterfaceOrientationLandscapeRight";
				LD_RUNPATH_SEARCH_PATHS = (
					"$(inherited)",
					"@executable_path/Frameworks",
				);
				MARKETING_VERSION = 1.0;
				PRODUCT_BUNDLE_IDENTIFIER = cse.mobarak.Instagram;
				PRODUCT_NAME = "$(TARGET_NAME)";
				SWIFT_EMIT_LOC_STRINGS = YES;
				SWIFT_VERSION = 5.0;
				TARGETED_DEVICE_FAMILY = "1,2";
			};
			name = Release;
		};
/* End XCBuildConfiguration section */

/* Begin XCConfigurationList section */
		205D492A2873F96C0071ACE3 /* Build configuration list for PBXProject "Instagram" */ = {
			isa = XCConfigurationList;
			buildConfigurations = (
				205D49412873F96E0071ACE3 /* Debug */,
				205D49422873F96E0071ACE3 /* Release */,
			);
			defaultConfigurationIsVisible = 0;
			defaultConfigurationName = Release;
		};
		205D49432873F96E0071ACE3 /* Build configuration list for PBXNativeTarget "Instagram" */ = {
			isa = XCConfigurationList;
			buildConfigurations = (
				205D49442873F96E0071ACE3 /* Debug */,
				205D49452873F96E0071ACE3 /* Release */,
			);
			defaultConfigurationIsVisible = 0;
			defaultConfigurationName = Release;
		};
/* End XCConfigurationList section */
	};
	rootObject = 205D49272873F96C0071ACE3 /* Project object */;
}
